
Microsoft Visual Studio Solution File, Format Version 12.00
# Visual Studio Version 17
VisualStudioVersion = 17.13.35825.156
MinimumVisualStudioVersion = 10.0.40219.1
Project("{FAE04EC0-301F-11D3-BF4B-00C04F79EFBC}") = "SDAM Assignment", "SDAM Assignment\SDAM Assignment.csproj", "{E24E44B0-5A5D-4521-962F-876AA213D604}"
EndProject
Global
	GlobalSection(SolutionConfigurationPlatforms) = preSolution
		Debug|Any CPU = Debug|Any CPU
		Release|Any CPU = Release|Any CPU
	EndGlobalSection
	GlobalSection(ProjectConfigurationPlatforms) = postSolution
		{E24E44B0-5A5D-4521-962F-876AA213D604}.Debug|Any CPU.ActiveCfg = Debug|Any CPU
		{E24E44B0-5A5D-4521-962F-876AA213D604}.Debug|Any CPU.Build.0 = Debug|Any CPU
		{E24E44B0-5A5D-4521-962F-876AA213D604}.Release|Any CPU.ActiveCfg = Release|Any CPU
		{E24E44B0-5A5D-4521-962F-876AA213D604}.Release|Any CPU.Build.0 = Release|Any CPU
	EndGlobalSection
	GlobalSection(SolutionProperties) = preSolution
		HideSolutionNode = FALSE
	EndGlobalSection
	GlobalSection(ExtensibilityGlobals) = postSolution
		SolutionGuid = {254B3FFA-4E7D-4876-8994-CC3C7D8D92A8}
	EndGlobalSection
EndGlobal
